
Microsoft Visual Studio Solution File, Format Version 12.00
# Visual Studio Version 17
VisualStudioVersion = 17.14.37216.2 d17.14
MinimumVisualStudioVersion = 10.0.40219.1
Project("{FAE04EC0-301F-11D3-BF4B-00C04F79EFBC}") = "TheLostTemple", "TheLostTemple.csproj", "{281BE9FC-D3CD-487D-B080-BEF6192DE2CD}"
EndProject
Global
	GlobalSection(SolutionConfigurationPlatforms) = preSolution
		Debug|Any CPU = Debug|Any CPU
		Release|Any CPU = Release|Any CPU
	EndGlobalSection
	GlobalSection(ProjectConfigurationPlatforms) = postSolution
		{281BE9FC-D3CD-487D-B080-BEF6192DE2CD}.Debug|Any CPU.ActiveCfg = Debug|Any CPU
		{281BE9FC-D3CD-487D-B080-BEF6192DE2CD}.Debug|Any CPU.Build.0 = Debug|Any CPU
		{281BE9FC-D3CD-487D-B080-BEF6192DE2CD}.Release|Any CPU.ActiveCfg = Release|Any CPU
		{281BE9FC-D3CD-487D-B080-BEF6192DE2CD}.Release|Any CPU.Build.0 = Release|Any CPU
	EndGlobalSection
	GlobalSection(SolutionProperties) = preSolution
		HideSolutionNode = FALSE
	EndGlobalSection
	GlobalSection(ExtensibilityGlobals) = postSolution
		SolutionGuid = {39483C44-A330-4522-B123-0F6890924800}
	EndGlobalSection
EndGlobal
